
Microsoft Visual Studio Solution File, Format Version 12.00
# Visual Studio Version 16
VisualStudioVersion = 16.0.30413.136
MinimumVisualStudioVersion = 10.0.40219.1
Project("{FAE04EC0-301F-11D3-BF4B-00C04F79EFBC}") = "Alten_Cars_Registry", "Alten_Cars_Registry\Alten_Cars_Registry.csproj", "{A80A6C12-7571-4CE6-8491-71021B53589B}"
EndProject
Global
	GlobalSection(SolutionConfigurationPlatforms) = preSolution
		Debug|Any CPU = Debug|Any CPU
		Release|Any CPU = Release|Any CPU
	EndGlobalSection
	GlobalSection(ProjectConfigurationPlatforms) = postSolution
		{A80A6C12-7571-4CE6-8491-71021B53589B}.Debug|Any CPU.ActiveCfg = Debug|Any CPU
		{A80A6C12-7571-4CE6-8491-71021B53589B}.Debug|Any CPU.Build.0 = Debug|Any CPU
		{A80A6C12-7571-4CE6-8491-71021B53589B}.Release|Any CPU.ActiveCfg = Release|Any CPU
		{A80A6C12-7571-4CE6-8491-71021B53589B}.Release|Any CPU.Build.0 = Release|Any CPU
	EndGlobalSection
	GlobalSection(SolutionProperties) = preSolution
		HideSolutionNode = FALSE
	EndGlobalSection
	GlobalSection(ExtensibilityGlobals) = postSolution
		SolutionGuid = {A0041D72-E9C8-4C94-B8E7-1638FEAEA599}
	EndGlobalSection
EndGlobal
